
Microsoft Visual Studio Solution File, Format Version 12.00
# Visual Studio Version 17
VisualStudioVersion = 17.2.32210.308
MinimumVisualStudioVersion = 10.0.40219.1
Project("{9A19103F-16F7-4668-BE54-9A1E7A4F7556}") = "Focus", "Focus\Focus.csproj", "{3DF66706-5A05-4EF7-A02B-D01C272D737C}"
EndProject
Global
	GlobalSection(SolutionConfigurationPlatforms) = preSolution
		Debug|Any CPU = Debug|Any CPU
		Release|Any CPU = Release|Any CPU
	EndGlobalSection
	GlobalSection(ProjectConfigurationPlatforms) = postSolution
		{3DF66706-5A05-4EF7-A02B-D01C272D737C}.Debug|Any CPU.ActiveCfg = Debug|Any CPU
		{3DF66706-5A05-4EF7-A02B-D01C272D737C}.Debug|Any CPU.Build.0 = Debug|Any CPU
		{3DF66706-5A05-4EF7-A02B-D01C272D737C}.Release|Any CPU.ActiveCfg = Release|Any CPU
		{3DF66706-5A05-4EF7-A02B-D01C272D737C}.Release|Any CPU.Build.0 = Release|Any CPU
	EndGlobalSection
	GlobalSection(SolutionProperties) = preSolution
		HideSolutionNode = FALSE
	EndGlobalSection
	GlobalSection(ExtensibilityGlobals) = postSolution
		SolutionGuid = {2BB286E7-59C0-4851-B182-5F415F85391A}
	EndGlobalSection
EndGlobal
